
Microsoft Visual Studio Solution File, Format Version 12.00
# Visual Studio Version 17
VisualStudioVersion = 17.3.32929.385
MinimumVisualStudioVersion = 10.0.40219.1
Project("{888888A0-9F3D-457C-B088-3A5042F75D52}") = "lab2 security", "lab2 security.pyproj", "{70B622A8-056D-467E-A416-8F4A0FC55843}"
EndProject
Global
	GlobalSection(SolutionConfigurationPlatforms) = preSolution
		Debug|Any CPU = Debug|Any CPU
		Release|Any CPU = Release|Any CPU
	EndGlobalSection
	GlobalSection(ProjectConfigurationPlatforms) = postSolution
		{70B622A8-056D-467E-A416-8F4A0FC55843}.Debug|Any CPU.ActiveCfg = Debug|Any CPU
		{70B622A8-056D-467E-A416-8F4A0FC55843}.Release|Any CPU.ActiveCfg = Release|Any CPU
	EndGlobalSection
	GlobalSection(SolutionProperties) = preSolution
		HideSolutionNode = FALSE
	EndGlobalSection
	GlobalSection(ExtensibilityGlobals) = postSolution
		SolutionGuid = {38B1A6D6-73D2-4D00-8B9C-373655D7D74A}
	EndGlobalSection
EndGlobal
